// !$*UTF8*$!
{
	archiveVersion = 1;
	classes = {
	};
	objectVersion = 50;
	objects = {

/* Begin PBXBuildFile section */
		E0E29207235795C500665ACF /* AppDelegate.swift in Sources */ = {isa = PBXBuildFile; fileRef = E0E29206235795C500665ACF /* AppDelegate.swift */; };
		E0E29209235795C500665ACF /* ViewController.swift in Sources */ = {isa = PBXBuildFile; fileRef = E0E29208235795C500665ACF /* ViewController.swift */; };
		E0E2920C235795C500665ACF /* Main.storyboard in Resources */ = {isa = PBXBuildFile; fileRef = E0E2920A235795C500665ACF /* Main.storyboard */; };
		E0E2920E235795C700665ACF /* Assets.xcassets in Resources */ = {isa = PBXBuildFile; fileRef = E0E2920D235795C700665ACF /* Assets.xcassets */; };
		E0E29211235795C700665ACF /* LaunchScreen.storyboard in Resources */ = {isa = PBXBuildFile; fileRef = E0E2920F235795C700665ACF /* LaunchScreen.storyboard */; };
		E0E292362357967C00665ACF /* LoadingUI.framework in Frameworks */ = {isa = PBXBuildFile; fileRef = E0E292312357966200665ACF /* LoadingUI.framework */; };
		E0E292372357967C00665ACF /* LoadingUI.framework in Embed Frameworks */ = {isa = PBXBuildFile; fileRef = E0E292312357966200665ACF /* LoadingUI.framework */; settings = {ATTRIBUTES = (CodeSignOnCopy, RemoveHeadersOnCopy, ); }; };
/* End PBXBuildFile section */

/* Begin PBXContainerItemProxy section */
		E0E292302357966200665ACF /* PBXContainerItemProxy */ = {
			isa = PBXContainerItemProxy;
			containerPortal = E0E2922B2357966200665ACF /* LoadingUI.xcodeproj */;
			proxyType = 2;
			remoteGlobalIDString = E0E291E02357957600665ACF;
			remoteInfo = LoadingUI;
		};
		E0E292322357966200665ACF /* PBXContainerItemProxy */ = {
			isa = PBXContainerItemProxy;
			containerPortal = E0E2922B2357966200665ACF /* LoadingUI.xcodeproj */;
			proxyType = 2;
			remoteGlobalIDString = E0E291E92357957600665ACF;
			remoteInfo = LoadingUITests;
		};
		E0E292382357967C00665ACF /* PBXContainerItemProxy */ = {
			isa = PBXContainerItemProxy;
			containerPortal = E0E2922B2357966200665ACF /* LoadingUI.xcodeproj */;
			proxyType = 1;
			remoteGlobalIDString = E0E291DF2357957600665ACF;
			remoteInfo = LoadingUI;
		};
/* End PBXContainerItemProxy section */

/* Begin PBXCopyFilesBuildPhase section */
		E0E2923A2357967C00665ACF /* Embed Frameworks */ = {
			isa = PBXCopyFilesBuildPhase;
			buildActionMask = 2147483647;
			dstPath = "";
			dstSubfolderSpec = 10;
			files = (
				E0E292372357967C00665ACF /* LoadingUI.framework in Embed Frameworks */,
			);
			name = "Embed Frameworks";
			runOnlyForDeploymentPostprocessing = 0;
		};
/* End PBXCopyFilesBuildPhase section */

/* Begin PBXFileReference section */
		E0E29203235795C500665ACF /* LoadingUITest.app */ = {isa = PBXFileReference; explicitFileType = wrapper.application; includeInIndex = 0; path = LoadingUITest.app; sourceTree = BUILT_PRODUCTS_DIR; };
		E0E29206235795C500665ACF /* AppDelegate.swift */ = {isa = PBXFileReference; lastKnownFileType = sourcecode.swift; path = AppDelegate.swift; sourceTree = "<group>"; };
		E0E29208235795C500665ACF /* ViewController.swift */ = {isa = PBXFileReference; lastKnownFileType = sourcecode.swift; path = ViewController.swift; sourceTree = "<group>"; };
		E0E2920B235795C500665ACF /* Base */ = {isa = PBXFileReference; lastKnownFileType = file.storyboard; name = Base; path = Base.lproj/Main.storyboard; sourceTree = "<group>"; };
		E0E2920D235795C700665ACF /* Assets.xcassets */ = {isa = PBXFileReference; lastKnownFileType = folder.assetcatalog; path = Assets.xcassets; sourceTree = "<group>"; };
		E0E29210235795C700665ACF /* Base */ = {isa = PBXFileReference; lastKnownFileType = file.storyboard; name = Base; path = Base.lproj/LaunchScreen.storyboard; sourceTree = "<group>"; };
		E0E29212235795C700665ACF /* Info.plist */ = {isa = PBXFileReference; lastKnownFileType = text.plist.xml; path = Info.plist; sourceTree = "<group>"; };
		E0E2922B2357966200665ACF /* LoadingUI.xcodeproj */ = {isa = PBXFileReference; lastKnownFileType = "wrapper.pb-project"; name = LoadingUI.xcodeproj; path = ../../../../LoadingUIFrameworkDevelopment/LoadingUI/LoadingUI.xcodeproj; sourceTree = "<group>"; };
/* End PBXFileReference section */

/* Begin PBXFrameworksBuildPhase section */
		E0E29200235795C500665ACF /* Frameworks */ = {
			isa = PBXFrameworksBuildPhase;
			buildActionMask = 2147483647;
			files = (
				E0E292362357967C00665ACF /* LoadingUI.framework in Frameworks */,
			);
			runOnlyForDeploymentPostprocessing = 0;
		};
/* End PBXFrameworksBuildPhase section */

/* Begin PBXGroup section */
		E0E291FA235795C500665ACF = {
			isa = PBXGroup;
			children = (
				E0E29205235795C500665ACF /* LoadingUITest */,
				E0E29204235795C500665ACF /* Products */,
				E0E292342357966F00665ACF /* Frameworks */,
			);
			sourceTree = "<group>";
		};
		E0E29204235795C500665ACF /* Products */ = {
			isa = PBXGroup;
			children = (
				E0E29203235795C500665ACF /* LoadingUITest.app */,
			);
			name = Products;
			sourceTree = "<group>";
		};
		E0E29205235795C500665ACF /* LoadingUITest */ = {
			isa = PBXGroup;
			children = (
				E0E29206235795C500665ACF /* AppDelegate.swift */,
				E0E29208235795C500665ACF /* ViewController.swift */,
				E0E2920A235795C500665ACF /* Main.storyboard */,
				E0E2920D235795C700665ACF /* Assets.xcassets */,
				E0E2920F235795C700665ACF /* LaunchScreen.storyboard */,
				E0E29212235795C700665ACF /* Info.plist */,
				E0E29221235795EC00665ACF /* Frameworks */,
			);
			path = LoadingUITest;
			sourceTree = "<group>";
		};
		E0E29221235795EC00665ACF /* Frameworks */ = {
			isa = PBXGroup;
			children = (
				E0E2922B2357966200665ACF /* LoadingUI.xcodeproj */,
			);
			path = Frameworks;
			sourceTree = "<group>";
		};
		E0E2922C2357966200665ACF /* Products */ = {
			isa = PBXGroup;
			children = (
				E0E292312357966200665ACF /* LoadingUI.framework */,
				E0E292332357966200665ACF /* LoadingUITests.xctest */,
			);
			name = Products;
			sourceTree = "<group>";
		};
		E0E292342357966F00665ACF /* Frameworks */ = {
			isa = PBXGroup;
			children = (
			);
			name = Frameworks;
			sourceTree = "<group>";
		};
/* End PBXGroup section */

/* Begin PBXNativeTarget section */
		E0E29202235795C500665ACF /* LoadingUITest */ = {
			isa = PBXNativeTarget;
			buildConfigurationList = E0E29215235795C700665ACF /* Build configuration list for PBXNativeTarget "LoadingUITest" */;
			buildPhases = (
				E0E291FF235795C500665ACF /* Sources */,
				E0E29200235795C500665ACF /* Frameworks */,
				E0E29201235795C500665ACF /* Resources */,
				E0E2923A2357967C00665ACF /* Embed Frameworks */,
			);
			buildRules = (
			);
			dependencies = (
				E0E292392357967C00665ACF /* PBXTargetDependency */,
			);
			name = LoadingUITest;
			productName = LoadingUITest;
			productReference = E0E29203235795C500665ACF /* LoadingUITest.app */;
			productType = "com.apple.product-type.application";
		};
/* End PBXNativeTarget section */

/* Begin PBXProject section */
		E0E291FB235795C500665ACF /* Project object */ = {
			isa = PBXProject;
			attributes = {
				LastSwiftUpdateCheck = 1010;
				LastUpgradeCheck = 1010;
				ORGANIZATIONNAME = "Empty Bliss";
				TargetAttributes = {
					E0E29202235795C500665ACF = {
						CreatedOnToolsVersion = 10.1;
					};
				};
			};
			buildConfigurationList = E0E291FE235795C500665ACF /* Build configuration list for PBXProject "LoadingUITest" */;
			compatibilityVersion = "Xcode 9.3";
			developmentRegion = en;
			hasScannedForEncodings = 0;
			knownRegions = (
				en,
				Base,
			);
			mainGroup = E0E291FA235795C500665ACF;
			productRefGroup = E0E29204235795C500665ACF /* Products */;
			projectDirPath = "";
			projectReferences = (
				{
					ProductGroup = E0E2922C2357966200665ACF /* Products */;
					ProjectRef = E0E2922B2357966200665ACF /* LoadingUI.xcodeproj */;
				},
			);
			projectRoot = "";
			targets = (
				E0E29202235795C500665ACF /* LoadingUITest */,
			);
		};
/* End PBXProject section */

/* Begin PBXReferenceProxy section */
		E0E292312357966200665ACF /* LoadingUI.framework */ = {
			isa = PBXReferenceProxy;
			fileType = wrapper.framework;
			path = LoadingUI.framework;
			remoteRef = E0E292302357966200665ACF /* PBXContainerItemProxy */;
			sourceTree = BUILT_PRODUCTS_DIR;
		};
		E0E292332357966200665ACF /* LoadingUITests.xctest */ = {
			isa = PBXReferenceProxy;
			fileType = wrapper.cfbundle;
			path = LoadingUITests.xctest;
			remoteRef = E0E292322357966200665ACF /* PBXContainerItemProxy */;
			sourceTree = BUILT_PRODUCTS_DIR;
		};
/* End PBXReferenceProxy section */

/* Begin PBXResourcesBuildPhase section */
		E0E29201235795C500665ACF /* Resources */ = {
			isa = PBXResourcesBuildPhase;
			buildActionMask = 2147483647;
			files = (
				E0E29211235795C700665ACF /* LaunchScreen.storyboard in Resources */,
				E0E2920E235795C700665ACF /* Assets.xcassets in Resources */,
				E0E2920C235795C500665ACF /* Main.storyboard in Resources */,
			);
			runOnlyForDeploymentPostprocessing = 0;
		};
/* End PBXResourcesBuildPhase section */

/* Begin PBXSourcesBuildPhase section */
		E0E291FF235795C500665ACF /* Sources */ = {
			isa = PBXSourcesBuildPhase;
			buildActionMask = 2147483647;
			files = (
				E0E29209235795C500665ACF /* ViewController.swift in Sources */,
				E0E29207235795C500665ACF /* AppDelegate.swift in Sources */,
			);
			runOnlyForDeploymentPostprocessing = 0;
		};
/* End PBXSourcesBuildPhase section */

/* Begin PBXTargetDependency section */
		E0E292392357967C00665ACF /* PBXTargetDependency */ = {
			isa = PBXTargetDependency;
			name = LoadingUI;
			targetProxy = E0E292382357967C00665ACF /* PBXContainerItemProxy */;
		};
/* End PBXTargetDependency section */

/* Begin PBXVariantGroup section */
		E0E2920A235795C500665ACF /* Main.storyboard */ = {
			isa = PBXVariantGroup;
			children = (
				E0E2920B235795C500665ACF /* Base */,
			);
			name = Main.storyboard;
			sourceTree = "<group>";
		};
		E0E2920F235795C700665ACF /* LaunchScreen.storyboard */ = {
			isa = PBXVariantGroup;
			children = (
				E0E29210235795C700665ACF /* Base */,
			);
			name = LaunchScreen.storyboard;
			sourceTree = "<group>";
		};
/* End PBXVariantGroup section */

/* Begin XCBuildConfiguration section */
		E0E29213235795C700665ACF /* Debug */ = {
			isa = XCBuildConfiguration;
			buildSettings = {
				ALWAYS_SEARCH_USER_PATHS = NO;
				CLANG_ANALYZER_NONNULL = YES;
				CLANG_ANALYZER_NUMBER_OBJECT_CONVERSION = YES_AGGRESSIVE;
				CLANG_CXX_LANGUAGE_STANDARD = "gnu++14";
				CLANG_CXX_LIBRARY = "libc++";
				CLANG_ENABLE_MODULES = YES;
				CLANG_ENABLE_OBJC_ARC = YES;
				CLANG_ENABLE_OBJC_WEAK = YES;
				CLANG_WARN_BLOCK_CAPTURE_AUTORELEASING = YES;
				CLANG_WARN_BOOL_CONVERSION = YES;
				CLANG_WARN_COMMA = YES;
				CLANG_WARN_CONSTANT_CONVERSION = YES;
				CLANG_WARN_DEPRECATED_OBJC_IMPLEMENTATIONS = YES;
				CLANG_WARN_DIRECT_OBJC_ISA_USAGE = YES_ERROR;
				CLANG_WARN_DOCUMENTATION_COMMENTS = YES;
				CLANG_WARN_EMPTY_BODY = YES;
				CLANG_WARN_ENUM_CONVERSION = YES;
				CLANG_WARN_INFINITE_RECURSION = YES;
				CLANG_WARN_INT_CONVERSION = YES;
				CLANG_WARN_NON_LITERAL_NULL_CONVERSION = YES;
				CLANG_WARN_OBJC_IMPLICIT_RETAIN_SELF = YES;
				CLANG_WARN_OBJC_LITERAL_CONVERSION = YES;
				CLANG_WARN_OBJC_ROOT_CLASS = YES_ERROR;
				CLANG_WARN_RANGE_LOOP_ANALYSIS = YES;
				CLANG_WARN_STRICT_PROTOTYPES = YES;
				CLANG_WARN_SUSPICIOUS_MOVE = YES;
				CLANG_WARN_UNGUARDED_AVAILABILITY = YES_AGGRESSIVE;
				CLANG_WARN_UNREACHABLE_CODE = YES;
				CLANG_WARN__DUPLICATE_METHOD_MATCH = YES;
				CODE_SIGN_IDENTITY = "iPhone Developer";
				COPY_PHASE_STRIP = NO;
				DEBUG_INFORMATION_FORMAT = dwarf;
				ENABLE_STRICT_OBJC_MSGSEND = YES;
				ENABLE_TESTABILITY = YES;
				GCC_C_LANGUAGE_STANDARD = gnu11;
				GCC_DYNAMIC_NO_PIC = NO;
				GCC_NO_COMMON_BLOCKS = YES;
				GCC_OPTIMIZATION_LEVEL = 0;
				GCC_PREPROCESSOR_DEFINITIONS = (
					"DEBUG=1",
					"$(inherited)",
				);
				GCC_WARN_64_TO_32_BIT_CONVERSION = YES;
				GCC_WARN_ABOUT_RETURN_TYPE = YES_ERROR;
				GCC_WARN_UNDECLARED_SELECTOR = YES;
				GCC_WARN_UNINITIALIZED_AUTOS = YES_AGGRESSIVE;
				GCC_WARN_UNUSED_FUNCTION = YES;
				GCC_WARN_UNUSED_VARIABLE = YES;
				IPHONEOS_DEPLOYMENT_TARGET = 12.1;
				MTL_ENABLE_DEBUG_INFO = INCLUDE_SOURCE;
				MTL_FAST_MATH = YES;
				ONLY_ACTIVE_ARCH = YES;
				SDKROOT = iphoneos;
				SWIFT_ACTIVE_COMPILATION_CONDITIONS = DEBUG;
				SWIFT_OPTIMIZATION_LEVEL = "-Onone";
			};
			name = Debug;
		};
		E0E29214235795C700665ACF /* Release */ = {
			isa = XCBuildConfiguration;
			buildSettings = {
				ALWAYS_SEARCH_USER_PATHS = NO;
				CLANG_ANALYZER_NONNULL = YES;
				CLANG_ANALYZER_NUMBER_OBJECT_CONVERSION = YES_AGGRESSIVE;
				CLANG_CXX_LANGUAGE_STANDARD = "gnu++14";
				CLANG_CXX_LIBRARY = "libc++";
				CLANG_ENABLE_MODULES = YES;
				CLANG_ENABLE_OBJC_ARC = YES;
				CLANG_ENABLE_OBJC_WEAK = YES;
				CLANG_WARN_BLOCK_CAPTURE_AUTORELEASING = YES;
				CLANG_WARN_BOOL_CONVERSION = YES;
				CLANG_WARN_COMMA = YES;
				CLANG_WARN_CONSTANT_CONVERSION = YES;
				CLANG_WARN_DEPRECATED_OBJC_IMPLEMENTATIONS = YES;
				CLANG_WARN_DIRECT_OBJC_ISA_USAGE = YES_ERROR;
				CLANG_WARN_DOCUMENTATION_COMMENTS = YES;
				CLANG_WARN_EMPTY_BODY = YES;
				CLANG_WARN_ENUM_CONVERSION = YES;
				CLANG_WARN_INFINITE_RECURSION = YES;
				CLANG_WARN_INT_CONVERSION = YES;
				CLANG_WARN_NON_LITERAL_NULL_CONVERSION = YES;
				CLANG_WARN_OBJC_IMPLICIT_RETAIN_SELF = YES;
				CLANG_WARN_OBJC_LITERAL_CONVERSION = YES;
				CLANG_WARN_OBJC_ROOT_CLASS = YES_ERROR;
				CLANG_WARN_RANGE_LOOP_ANALYSIS = YES;
				CLANG_WARN_STRICT_PROTOTYPES = YES;
				CLANG_WARN_SUSPICIOUS_MOVE = YES;
				CLANG_WARN_UNGUARDED_AVAILABILITY = YES_AGGRESSIVE;
				CLANG_WARN_UNREACHABLE_CODE = YES;
				CLANG_WARN__DUPLICATE_METHOD_MATCH = YES;
				CODE_SIGN_IDENTITY = "iPhone Developer";
				COPY_PHASE_STRIP = NO;
				DEBUG_INFORMATION_FORMAT = "dwarf-with-dsym";
				ENABLE_NS_ASSERTIONS = NO;
				ENABLE_STRICT_OBJC_MSGSEND = YES;
				GCC_C_LANGUAGE_STANDARD = gnu11;
				GCC_NO_COMMON_BLOCKS = YES;
				GCC_WARN_64_TO_32_BIT_CONVERSION = YES;
				GCC_WARN_ABOUT_RETURN_TYPE = YES_ERROR;
				GCC_WARN_UNDECLARED_SELECTOR = YES;
				GCC_WARN_UNINITIALIZED_AUTOS = YES_AGGRESSIVE;
				GCC_WARN_UNUSED_FUNCTION = YES;
				GCC_WARN_UNUSED_VARIABLE = YES;
				IPHONEOS_DEPLOYMENT_TARGET = 12.1;
				MTL_ENABLE_DEBUG_INFO = NO;
				MTL_FAST_MATH = YES;
				SDKROOT = iphoneos;
				SWIFT_COMPILATION_MODE = wholemodule;
				SWIFT_OPTIMIZATION_LEVEL = "-O";
				VALIDATE_PRODUCT = YES;
			};
			name = Release;
		};
		E0E29216235795C700665ACF /* Debug */ = {
			isa = XCBuildConfiguration;
			buildSettings = {
				ASSETCATALOG_COMPILER_APPICON_NAME = AppIcon;
				CODE_SIGN_STYLE = Automatic;
				DEVELOPMENT_TEAM = NHVH678VWC;
				INFOPLIST_FILE = LoadingUITest/Info.plist;
				LD_RUNPATH_SEARCH_PATHS = (
					"$(inherited)",
					"@executable_path/Frameworks",
				);
				PRODUCT_BUNDLE_IDENTIFIER = info.emptybliss.LoadingUITest;
				PRODUCT_NAME = "$(TARGET_NAME)";
				SWIFT_VERSION = 4.2;
				TARGETED_DEVICE_FAMILY = "1,2";
			};
			name = Debug;
		};
		E0E29217235795C700665ACF /* Release */ = {
			isa = XCBuildConfiguration;
			buildSettings = {
				ASSETCATALOG_COMPILER_APPICON_NAME = AppIcon;
				CODE_SIGN_STYLE = Automatic;
				DEVELOPMENT_TEAM = NHVH678VWC;
				INFOPLIST_FILE = LoadingUITest/Info.plist;
				LD_RUNPATH_SEARCH_PATHS = (
					"$(inherited)",
					"@executable_path/Frameworks",
				);
				PRODUCT_BUNDLE_IDENTIFIER = info.emptybliss.LoadingUITest;
				PRODUCT_NAME = "$(TARGET_NAME)";
				SWIFT_VERSION = 4.2;
				TARGETED_DEVICE_FAMILY = "1,2";
			};
			name = Release;
		};
/* End XCBuildConfiguration section */

/* Begin XCConfigurationList section */
		E0E291FE235795C500665ACF /* Build configuration list for PBXProject "LoadingUITest" */ = {
			isa = XCConfigurationList;
			buildConfigurations = (
				E0E29213235795C700665ACF /* Debug */,
				E0E29214235795C700665ACF /* Release */,
			);
			defaultConfigurationIsVisible = 0;
			defaultConfigurationName = Release;
		};
		E0E29215235795C700665ACF /* Build configuration list for PBXNativeTarget "LoadingUITest" */ = {
			isa = XCConfigurationList;
			buildConfigurations = (
				E0E29216235795C700665ACF /* Debug */,
				E0E29217235795C700665ACF /* Release */,
			);
			defaultConfigurationIsVisible = 0;
			defaultConfigurationName = Release;
		};
/* End XCConfigurationList section */
	};
	rootObject = E0E291FB235795C500665ACF /* Project object */;
}
